
Microsoft Visual Studio Solution File, Format Version 12.00
# Visual Studio Version 17
VisualStudioVersion = 17.9.34526.213
MinimumVisualStudioVersion = 10.0.40219.1
Project("{FAE04EC0-301F-11D3-BF4B-00C04F79EFBC}") = "ValleDeOro", "ValleDeOro.csproj", "{FBDEABFE-6624-479D-904F-D170EE57B1F9}"
EndProject
Global
	GlobalSection(SolutionConfigurationPlatforms) = preSolution
		Debug|Any CPU = Debug|Any CPU
		Release|Any CPU = Release|Any CPU
	EndGlobalSection
	GlobalSection(ProjectConfigurationPlatforms) = postSolution
		{FBDEABFE-6624-479D-904F-D170EE57B1F9}.Debug|Any CPU.ActiveCfg = Debug|Any CPU
		{FBDEABFE-6624-479D-904F-D170EE57B1F9}.Debug|Any CPU.Build.0 = Debug|Any CPU
		{FBDEABFE-6624-479D-904F-D170EE57B1F9}.Release|Any CPU.ActiveCfg = Release|Any CPU
		{FBDEABFE-6624-479D-904F-D170EE57B1F9}.Release|Any CPU.Build.0 = Release|Any CPU
	EndGlobalSection
	GlobalSection(SolutionProperties) = preSolution
		HideSolutionNode = FALSE
	EndGlobalSection
	GlobalSection(ExtensibilityGlobals) = postSolution
		SolutionGuid = {2AFAB9E2-B9F6-4CEA-BCD7-B6793B463DD6}
	EndGlobalSection
EndGlobal
